// !$*UTF8*$!
{
	archiveVersion = 1;
	classes = {
	};
	objectVersion = 50;
	objects = {

/* Begin PBXBuildFile section */
		09112C7C219857F200C9C4E1 /* TitleView.swift in Sources */ = {isa = PBXBuildFile; fileRef = 09112C7B219857F200C9C4E1 /* TitleView.swift */; };
		09112C7E2198583100C9C4E1 /* TitleView.xib in Resources */ = {isa = PBXBuildFile; fileRef = 09112C7D2198583100C9C4E1 /* TitleView.xib */; };
		09112C802198600500C9C4E1 /* InsetableTextField.swift in Sources */ = {isa = PBXBuildFile; fileRef = 09112C7F2198600500C9C4E1 /* InsetableTextField.swift */; };
		09112C8221986CB500C9C4E1 /* UserResponse.swift in Sources */ = {isa = PBXBuildFile; fileRef = 09112C8121986CB500C9C4E1 /* UserResponse.swift */; };
		09112C852198992400C9C4E1 /* FooterView.swift in Sources */ = {isa = PBXBuildFile; fileRef = 09112C842198992300C9C4E1 /* FooterView.swift */; };
		09112C872198996600C9C4E1 /* FooterView.xib in Resources */ = {isa = PBXBuildFile; fileRef = 09112C862198996600C9C4E1 /* FooterView.xib */; };
		09112C8921989FB400C9C4E1 /* Localizable.stringsdict in Resources */ = {isa = PBXBuildFile; fileRef = 09112C8821989FB400C9C4E1 /* Localizable.stringsdict */; };
		09112C8D2198A3CB00C9C4E1 /* Localizable.strings in Resources */ = {isa = PBXBuildFile; fileRef = 09112C8C2198A3CB00C9C4E1 /* Localizable.strings */; };
		09E1F8B82195598F004A569B /* AppDelegate.swift in Sources */ = {isa = PBXBuildFile; fileRef = 09E1F8B72195598F004A569B /* AppDelegate.swift */; };
		09E1F8BA2195598F004A569B /* FeedViewController.swift in Sources */ = {isa = PBXBuildFile; fileRef = 09E1F8B92195598F004A569B /* FeedViewController.swift */; };
		09E1F8BD2195598F004A569B /* FeedViewController.storyboard in Resources */ = {isa = PBXBuildFile; fileRef = 09E1F8BB2195598F004A569B /* FeedViewController.storyboard */; };
		09E1F8BF21955992004A569B /* Assets.xcassets in Resources */ = {isa = PBXBuildFile; fileRef = 09E1F8BE21955992004A569B /* Assets.xcassets */; };
		09E1F8C221955992004A569B /* LaunchScreen.storyboard in Resources */ = {isa = PBXBuildFile; fileRef = 09E1F8C021955992004A569B /* LaunchScreen.storyboard */; };
		09E1F8FE219562A8004A569B /* VKSdkFramework.framework in Frameworks */ = {isa = PBXBuildFile; fileRef = 09E1F8FB2195629D004A569B /* VKSdkFramework.framework */; };
		09E1F8FF219562A8004A569B /* VKSdkFramework.framework in Embed Frameworks */ = {isa = PBXBuildFile; fileRef = 09E1F8FB2195629D004A569B /* VKSdkFramework.framework */; settings = {ATTRIBUTES = (CodeSignOnCopy, RemoveHeadersOnCopy, ); }; };
		09E1F90421962760004A569B /* NetworkService.swift in Sources */ = {isa = PBXBuildFile; fileRef = 09E1F90321962760004A569B /* NetworkService.swift */; };
		09E1F90921962D54004A569B /* API.swift in Sources */ = {isa = PBXBuildFile; fileRef = 09E1F90821962D54004A569B /* API.swift */; };
		09E1F90C21969BE9004A569B /* FeedResponse.swift in Sources */ = {isa = PBXBuildFile; fileRef = 09E1F90B21969BE9004A569B /* FeedResponse.swift */; };
		09E1F90E2196AFC9004A569B /* FeedInteractor.swift in Sources */ = {isa = PBXBuildFile; fileRef = 09E1F90D2196AFC9004A569B /* FeedInteractor.swift */; };
		09E1F9102196AFF6004A569B /* FeedPresenter.swift in Sources */ = {isa = PBXBuildFile; fileRef = 09E1F90F2196AFF6004A569B /* FeedPresenter.swift */; };
		09E1F9122196B3E5004A569B /* FeedViewModels.swift in Sources */ = {isa = PBXBuildFile; fileRef = 09E1F9112196B3E5004A569B /* FeedViewModels.swift */; };
		09E1F9152196B8B6004A569B /* FeedCell.swift in Sources */ = {isa = PBXBuildFile; fileRef = 09E1F9142196B8B6004A569B /* FeedCell.swift */; };
		09E1F9172196BE2F004A569B /* FeedCell.xib in Resources */ = {isa = PBXBuildFile; fileRef = 09E1F9162196BE2F004A569B /* FeedCell.xib */; };
		09E1F91B2196F53B004A569B /* WebImageView.swift in Sources */ = {isa = PBXBuildFile; fileRef = 09E1F91A2196F53B004A569B /* WebImageView.swift */; };
		09E1F91F219763FD004A569B /* String+Helpers.swift in Sources */ = {isa = PBXBuildFile; fileRef = 09E1F91E219763FC004A569B /* String+Helpers.swift */; };
		09E1F924219776A5004A569B /* FeedCellLayoutCalculator.swift in Sources */ = {isa = PBXBuildFile; fileRef = 09E1F923219776A5004A569B /* FeedCellLayoutCalculator.swift */; };
		09E1F927219817F3004A569B /* GalleryView.swift in Sources */ = {isa = PBXBuildFile; fileRef = 09E1F926219817F3004A569B /* GalleryView.swift */; };
		09E1F92921981816004A569B /* GalleryView.xib in Resources */ = {isa = PBXBuildFile; fileRef = 09E1F92821981816004A569B /* GalleryView.xib */; };
		09E1F92B21981A28004A569B /* GalleryItem.xib in Resources */ = {isa = PBXBuildFile; fileRef = 09E1F92A21981A28004A569B /* GalleryItem.xib */; };
		09E1F92D21981A4B004A569B /* GalleryItem.swift in Sources */ = {isa = PBXBuildFile; fileRef = 09E1F92C21981A4B004A569B /* GalleryItem.swift */; };
		09E1F92F21982097004A569B /* UIView+Nib.swift in Sources */ = {isa = PBXBuildFile; fileRef = 09E1F92E21982097004A569B /* UIView+Nib.swift */; };
		21C9E91E2195B6320065B762 /* AuthService.swift in Sources */ = {isa = PBXBuildFile; fileRef = 21C9E91D2195B6320065B762 /* AuthService.swift */; };
		21C9E9242195CDEB0065B762 /* AuthViewController.swift in Sources */ = {isa = PBXBuildFile; fileRef = 21C9E9232195CDEB0065B762 /* AuthViewController.swift */; };
		21C9E9262195CE340065B762 /* AuthViewController.storyboard in Resources */ = {isa = PBXBuildFile; fileRef = 21C9E9252195CE340065B762 /* AuthViewController.storyboard */; };
		21C9E9292195CE860065B762 /* UIViewController+Storyboard.swift in Sources */ = {isa = PBXBuildFile; fileRef = 21C9E9282195CE860065B762 /* UIViewController+Storyboard.swift */; };
		21C9E92C2195D2EF0065B762 /* GradientView.swift in Sources */ = {isa = PBXBuildFile; fileRef = 21C9E92B2195D2EF0065B762 /* GradientView.swift */; };
/* End PBXBuildFile section */

/* Begin PBXContainerItemProxy section */
		09E1F8F62195629D004A569B /* PBXContainerItemProxy */ = {
			isa = PBXContainerItemProxy;
			containerPortal = 09E1F8EF2195629D004A569B /* VK-ios-sdk.xcodeproj */;
			proxyType = 2;
			remoteGlobalIDString = F3C7542D182133CC00964716;
			remoteInfo = VKSdk;
		};
		09E1F8F82195629D004A569B /* PBXContainerItemProxy */ = {
			isa = PBXContainerItemProxy;
			containerPortal = 09E1F8EF2195629D004A569B /* VK-ios-sdk.xcodeproj */;
			proxyType = 2;
			remoteGlobalIDString = F3BACC401865905B003158DA;
			remoteInfo = VKSdkResources;
		};
		09E1F8FA2195629D004A569B /* PBXContainerItemProxy */ = {
			isa = PBXContainerItemProxy;
			containerPortal = 09E1F8EF2195629D004A569B /* VK-ios-sdk.xcodeproj */;
			proxyType = 2;
			remoteGlobalIDString = F34670311B8B7C5A003EF74B;
			remoteInfo = VKSdkFramework;
		};
		09E1F8FC2195629D004A569B /* PBXContainerItemProxy */ = {
			isa = PBXContainerItemProxy;
			containerPortal = 09E1F8EF2195629D004A569B /* VK-ios-sdk.xcodeproj */;
			proxyType = 2;
			remoteGlobalIDString = F3C58CCD1D213B2C005E94B5;
			remoteInfo = VKSdkTests;
		};
		09E1F900219562A8004A569B /* PBXContainerItemProxy */ = {
			isa = PBXContainerItemProxy;
			containerPortal = 09E1F8EF2195629D004A569B /* VK-ios-sdk.xcodeproj */;
			proxyType = 1;
			remoteGlobalIDString = F34670301B8B7C5A003EF74B;
			remoteInfo = VKSdkFramework;
		};
/* End PBXContainerItemProxy section */

/* Begin PBXCopyFilesBuildPhase section */
		09E1F8EE21955EF4004A569B /* Embed Frameworks */ = {
			isa = PBXCopyFilesBuildPhase;
			buildActionMask = 2147483647;
			dstPath = "";
			dstSubfolderSpec = 10;
			files = (
				09E1F8FF219562A8004A569B /* VKSdkFramework.framework in Embed Frameworks */,
			);
			name = "Embed Frameworks";
			runOnlyForDeploymentPostprocessing = 0;
		};
/* End PBXCopyFilesBuildPhase section */

/* Begin PBXFileReference section */
		09112C7B219857F200C9C4E1 /* TitleView.swift */ = {isa = PBXFileReference; lastKnownFileType = sourcecode.swift; path = TitleView.swift; sourceTree = "<group>"; };
		09112C7D2198583100C9C4E1 /* TitleView.xib */ = {isa = PBXFileReference; lastKnownFileType = file.xib; path = TitleView.xib; sourceTree = "<group>"; };
		09112C7F2198600500C9C4E1 /* InsetableTextField.swift */ = {isa = PBXFileReference; lastKnownFileType = sourcecode.swift; path = InsetableTextField.swift; sourceTree = "<group>"; };
		09112C8121986CB500C9C4E1 /* UserResponse.swift */ = {isa = PBXFileReference; lastKnownFileType = sourcecode.swift; path = UserResponse.swift; sourceTree = "<group>"; };
		09112C842198992300C9C4E1 /* FooterView.swift */ = {isa = PBXFileReference; lastKnownFileType = sourcecode.swift; path = FooterView.swift; sourceTree = "<group>"; };
		09112C862198996600C9C4E1 /* FooterView.xib */ = {isa = PBXFileReference; lastKnownFileType = file.xib; path = FooterView.xib; sourceTree = "<group>"; };
		09112C8821989FB400C9C4E1 /* Localizable.stringsdict */ = {isa = PBXFileReference; lastKnownFileType = text.plist.stringsdict; path = Localizable.stringsdict; sourceTree = "<group>"; };
		09112C8C2198A3CB00C9C4E1 /* Localizable.strings */ = {isa = PBXFileReference; lastKnownFileType = text.plist.strings; path = Localizable.strings; sourceTree = "<group>"; };
		09E1F8B42195598F004A569B /* VkChallengeFeed.app */ = {isa = PBXFileReference; explicitFileType = wrapper.application; includeInIndex = 0; path = VkChallengeFeed.app; sourceTree = BUILT_PRODUCTS_DIR; };
		09E1F8B72195598F004A569B /* AppDelegate.swift */ = {isa = PBXFileReference; lastKnownFileType = sourcecode.swift; path = AppDelegate.swift; sourceTree = "<group>"; };
		09E1F8B92195598F004A569B /* FeedViewController.swift */ = {isa = PBXFileReference; lastKnownFileType = sourcecode.swift; path = FeedViewController.swift; sourceTree = "<group>"; };
		09E1F8BC2195598F004A569B /* Base */ = {isa = PBXFileReference; lastKnownFileType = file.storyboard; name = Base; path = Base.lproj/FeedViewController.storyboard; sourceTree = "<group>"; };
		09E1F8BE21955992004A569B /* Assets.xcassets */ = {isa = PBXFileReference; lastKnownFileType = folder.assetcatalog; path = Assets.xcassets; sourceTree = "<group>"; };
		09E1F8C121955992004A569B /* Base */ = {isa = PBXFileReference; lastKnownFileType = file.storyboard; name = Base; path = Base.lproj/LaunchScreen.storyboard; sourceTree = "<group>"; };
		09E1F8C321955992004A569B /* Info.plist */ = {isa = PBXFileReference; lastKnownFileType = text.plist.xml; path = Info.plist; sourceTree = "<group>"; };
		09E1F8EF2195629D004A569B /* VK-ios-sdk.xcodeproj */ = {isa = PBXFileReference; lastKnownFileType = "wrapper.pb-project"; name = "VK-ios-sdk.xcodeproj"; path = "../vk-ios-sdk/VK-ios-sdk.xcodeproj"; sourceTree = "<group>"; };
		09E1F90321962760004A569B /* NetworkService.swift */ = {isa = PBXFileReference; lastKnownFileType = sourcecode.swift; path = NetworkService.swift; sourceTree = "<group>"; };
		09E1F90821962D54004A569B /* API.swift */ = {isa = PBXFileReference; lastKnownFileType = sourcecode.swift; path = API.swift; sourceTree = "<group>"; };
		09E1F90B21969BE9004A569B /* FeedResponse.swift */ = {isa = PBXFileReference; lastKnownFileType = sourcecode.swift; path = FeedResponse.swift; sourceTree = "<group>"; };
		09E1F90D2196AFC9004A569B /* FeedInteractor.swift */ = {isa = PBXFileReference; lastKnownFileType = sourcecode.swift; path = FeedInteractor.swift; sourceTree = "<group>"; };
		09E1F90F2196AFF6004A569B /* FeedPresenter.swift */ = {isa = PBXFileReference; lastKnownFileType = sourcecode.swift; path = FeedPresenter.swift; sourceTree = "<group>"; };
		09E1F9112196B3E5004A569B /* FeedViewModels.swift */ = {isa = PBXFileReference; lastKnownFileType = sourcecode.swift; path = FeedViewModels.swift; sourceTree = "<group>"; };
		09E1F9142196B8B6004A569B /* FeedCell.swift */ = {isa = PBXFileReference; lastKnownFileType = sourcecode.swift; path = FeedCell.swift; sourceTree = "<group>"; };
		09E1F9162196BE2F004A569B /* FeedCell.xib */ = {isa = PBXFileReference; lastKnownFileType = file.xib; path = FeedCell.xib; sourceTree = "<group>"; };
		09E1F91A2196F53B004A569B /* WebImageView.swift */ = {isa = PBXFileReference; lastKnownFileType = sourcecode.swift; path = WebImageView.swift; sourceTree = "<group>"; };
		09E1F91E219763FC004A569B /* String+Helpers.swift */ = {isa = PBXFileReference; lastKnownFileType = sourcecode.swift; path = "String+Helpers.swift"; sourceTree = "<group>"; };
		09E1F923219776A5004A569B /* FeedCellLayoutCalculator.swift */ = {isa = PBXFileReference; lastKnownFileType = sourcecode.swift; path = FeedCellLayoutCalculator.swift; sourceTree = "<group>"; };
		09E1F926219817F3004A569B /* GalleryView.swift */ = {isa = PBXFileReference; lastKnownFileType = sourcecode.swift; path = GalleryView.swift; sourceTree = "<group>"; };
		09E1F92821981816004A569B /* GalleryView.xib */ = {isa = PBXFileReference; lastKnownFileType = file.xib; path = GalleryView.xib; sourceTree = "<group>"; };
		09E1F92A21981A28004A569B /* GalleryItem.xib */ = {isa = PBXFileReference; lastKnownFileType = file.xib; path = GalleryItem.xib; sourceTree = "<group>"; };
		09E1F92C21981A4B004A569B /* GalleryItem.swift */ = {isa = PBXFileReference; lastKnownFileType = sourcecode.swift; path = GalleryItem.swift; sourceTree = "<group>"; };
		09E1F92E21982097004A569B /* UIView+Nib.swift */ = {isa = PBXFileReference; lastKnownFileType = sourcecode.swift; path = "UIView+Nib.swift"; sourceTree = "<group>"; };
		21C9E91D2195B6320065B762 /* AuthService.swift */ = {isa = PBXFileReference; lastKnownFileType = sourcecode.swift; path = AuthService.swift; sourceTree = "<group>"; };
		21C9E9232195CDEB0065B762 /* AuthViewController.swift */ = {isa = PBXFileReference; lastKnownFileType = sourcecode.swift; path = AuthViewController.swift; sourceTree = "<group>"; };
		21C9E9252195CE340065B762 /* AuthViewController.storyboard */ = {isa = PBXFileReference; lastKnownFileType = file.storyboard; path = AuthViewController.storyboard; sourceTree = "<group>"; };
		21C9E9282195CE860065B762 /* UIViewController+Storyboard.swift */ = {isa = PBXFileReference; lastKnownFileType = sourcecode.swift; path = "UIViewController+Storyboard.swift"; sourceTree = "<group>"; };
		21C9E92B2195D2EF0065B762 /* GradientView.swift */ = {isa = PBXFileReference; lastKnownFileType = sourcecode.swift; path = GradientView.swift; sourceTree = "<group>"; };
/* End PBXFileReference section */

/* Begin PBXFrameworksBuildPhase section */
		09E1F8B12195598F004A569B /* Frameworks */ = {
			isa = PBXFrameworksBuildPhase;
			buildActionMask = 2147483647;
			files = (
				09E1F8FE219562A8004A569B /* VKSdkFramework.framework in Frameworks */,
			);
			runOnlyForDeploymentPostprocessing = 0;
		};
/* End PBXFrameworksBuildPhase section */

/* Begin PBXGroup section */
		09112C77219857C500C9C4E1 /* TitleView */ = {
			isa = PBXGroup;
			children = (
				09112C7B219857F200C9C4E1 /* TitleView.swift */,
				09112C7D2198583100C9C4E1 /* TitleView.xib */,
				09112C7F2198600500C9C4E1 /* InsetableTextField.swift */,
			);
			path = TitleView;
			sourceTree = "<group>";
		};
		09112C832198990600C9C4E1 /* FooterView */ = {
			isa = PBXGroup;
			children = (
				09112C842198992300C9C4E1 /* FooterView.swift */,
				09112C862198996600C9C4E1 /* FooterView.xib */,
			);
			path = FooterView;
			sourceTree = "<group>";
		};
		09112C8E2198AA6200C9C4E1 /* Views */ = {
			isa = PBXGroup;
			children = (
				09112C832198990600C9C4E1 /* FooterView */,
				09112C77219857C500C9C4E1 /* TitleView */,
				09E1F92521981484004A569B /* GalleryView */,
				09E1F9132196B4D4004A569B /* Cell */,
			);
			path = Views;
			sourceTree = "<group>";
		};
		09112C8F2198AA9100C9C4E1 /* Views */ = {
			isa = PBXGroup;
			children = (
				21C9E92B2195D2EF0065B762 /* GradientView.swift */,
				09E1F91A2196F53B004A569B /* WebImageView.swift */,
			);
			path = Views;
			sourceTree = "<group>";
		};
		09E1F8AB2195598F004A569B = {
			isa = PBXGroup;
			children = (
				09E1F8EF2195629D004A569B /* VK-ios-sdk.xcodeproj */,
				09E1F8B62195598F004A569B /* VkChallengeFeed */,
				09E1F8B52195598F004A569B /* Products */,
			);
			sourceTree = "<group>";
		};
		09E1F8B52195598F004A569B /* Products */ = {
			isa = PBXGroup;
			children = (
				09E1F8B42195598F004A569B /* VkChallengeFeed.app */,
			);
			name = Products;
			sourceTree = "<group>";
		};
		09E1F8B62195598F004A569B /* VkChallengeFeed */ = {
			isa = PBXGroup;
			children = (
				09E1F8B72195598F004A569B /* AppDelegate.swift */,
				21C9E9192195B60F0065B762 /* Services */,
				21C9E91F2195C2240065B762 /* Scenes */,
				21C9E92A2195CEAB0065B762 /* Helpers */,
				09112C8F2198AA9100C9C4E1 /* Views */,
				09E1F8BE21955992004A569B /* Assets.xcassets */,
				09E1F8C021955992004A569B /* LaunchScreen.storyboard */,
				09E1F8C321955992004A569B /* Info.plist */,
				09112C8C2198A3CB00C9C4E1 /* Localizable.strings */,
				09112C8821989FB400C9C4E1 /* Localizable.stringsdict */,
			);
			path = VkChallengeFeed;
			sourceTree = "<group>";
		};
		09E1F8F02195629D004A569B /* Products */ = {
			isa = PBXGroup;
			children = (
				09E1F8F72195629D004A569B /* libVKSdk.a */,
				09E1F8F92195629D004A569B /* VKSdkResources.bundle */,
				09E1F8FB2195629D004A569B /* VKSdkFramework.framework */,
				09E1F8FD2195629D004A569B /* VKSdkTests.xctest */,
			);
			name = Products;
			sourceTree = "<group>";
		};
		09E1F90A21969BC9004A569B /* Models */ = {
			isa = PBXGroup;
			children = (
				09E1F90B21969BE9004A569B /* FeedResponse.swift */,
				09112C8121986CB500C9C4E1 /* UserResponse.swift */,
			);
			path = Models;
			sourceTree = "<group>";
		};
		09E1F9132196B4D4004A569B /* Cell */ = {
			isa = PBXGroup;
			children = (
				09E1F9162196BE2F004A569B /* FeedCell.xib */,
				09E1F9142196B8B6004A569B /* FeedCell.swift */,
				09E1F923219776A5004A569B /* FeedCellLayoutCalculator.swift */,
			);
			path = Cell;
			sourceTree = "<group>";
		};
		09E1F92521981484004A569B /* GalleryView */ = {
			isa = PBXGroup;
			children = (
				09E1F92821981816004A569B /* GalleryView.xib */,
				09E1F926219817F3004A569B /* GalleryView.swift */,
				09E1F92A21981A28004A569B /* GalleryItem.xib */,
				09E1F92C21981A4B004A569B /* GalleryItem.swift */,
			);
			path = GalleryView;
			sourceTree = "<group>";
		};
		21C9E9192195B60F0065B762 /* Services */ = {
			isa = PBXGroup;
			children = (
				09E1F90A21969BC9004A569B /* Models */,
				21C9E91D2195B6320065B762 /* AuthService.swift */,
				09E1F90321962760004A569B /* NetworkService.swift */,
				09E1F90821962D54004A569B /* API.swift */,
			);
			path = Services;
			sourceTree = "<group>";
		};
		21C9E91F2195C2240065B762 /* Scenes */ = {
			isa = PBXGroup;
			children = (
				21C9E9222195C6840065B762 /* Auth */,
				21C9E9212195C2620065B762 /* Feed */,
			);
			path = Scenes;
			sourceTree = "<group>";
		};
		21C9E9212195C2620065B762 /* Feed */ = {
			isa = PBXGroup;
			children = (
				09112C8E2198AA6200C9C4E1 /* Views */,
				09E1F8BB2195598F004A569B /* FeedViewController.storyboard */,
				09E1F8B92195598F004A569B /* FeedViewController.swift */,
				09E1F90D2196AFC9004A569B /* FeedInteractor.swift */,
				09E1F90F2196AFF6004A569B /* FeedPresenter.swift */,
				09E1F9112196B3E5004A569B /* FeedViewModels.swift */,
			);
			path = Feed;
			sourceTree = "<group>";
		};
		21C9E9222195C6840065B762 /* Auth */ = {
			isa = PBXGroup;
			children = (
				21C9E9232195CDEB0065B762 /* AuthViewController.swift */,
				21C9E9252195CE340065B762 /* AuthViewController.storyboard */,
			);
			path = Auth;
			sourceTree = "<group>";
		};
		21C9E92A2195CEAB0065B762 /* Helpers */ = {
			isa = PBXGroup;
			children = (
				21C9E9282195CE860065B762 /* UIViewController+Storyboard.swift */,
				09E1F91E219763FC004A569B /* String+Helpers.swift */,
				09E1F92E21982097004A569B /* UIView+Nib.swift */,
			);
			path = Helpers;
			sourceTree = "<group>";
		};
/* End PBXGroup section */

/* Begin PBXNativeTarget section */
		09E1F8B32195598F004A569B /* VkChallengeFeed */ = {
			isa = PBXNativeTarget;
			buildConfigurationList = 09E1F8C621955992004A569B /* Build configuration list for PBXNativeTarget "VkChallengeFeed" */;
			buildPhases = (
				09E1F8B02195598F004A569B /* Sources */,
				09E1F8B12195598F004A569B /* Frameworks */,
				09E1F8B22195598F004A569B /* Resources */,
				09E1F8EE21955EF4004A569B /* Embed Frameworks */,
			);
			buildRules = (
			);
			dependencies = (
				09E1F901219562A8004A569B /* PBXTargetDependency */,
			);
			name = VkChallengeFeed;
			productName = VkChallengeFeed;
			productReference = 09E1F8B42195598F004A569B /* VkChallengeFeed.app */;
			productType = "com.apple.product-type.application";
		};
/* End PBXNativeTarget section */

/* Begin PBXProject section */
		09E1F8AC2195598F004A569B /* Project object */ = {
			isa = PBXProject;
			attributes = {
				LastSwiftUpdateCheck = 1010;
				LastUpgradeCheck = 1010;
				ORGANIZATIONNAME = sakharov;
				TargetAttributes = {
					09E1F8B32195598F004A569B = {
						CreatedOnToolsVersion = 10.1;
					};
				};
			};
			buildConfigurationList = 09E1F8AF2195598F004A569B /* Build configuration list for PBXProject "VkChallengeFeed" */;
			compatibilityVersion = "Xcode 9.3";
			developmentRegion = en;
			hasScannedForEncodings = 0;
			knownRegions = (
				en,
				Base,
			);
			mainGroup = 09E1F8AB2195598F004A569B;
			productRefGroup = 09E1F8B52195598F004A569B /* Products */;
			projectDirPath = "";
			projectReferences = (
				{
					ProductGroup = 09E1F8F02195629D004A569B /* Products */;
					ProjectRef = 09E1F8EF2195629D004A569B /* VK-ios-sdk.xcodeproj */;
				},
			);
			projectRoot = "";
			targets = (
				09E1F8B32195598F004A569B /* VkChallengeFeed */,
			);
		};
/* End PBXProject section */

/* Begin PBXReferenceProxy section */
		09E1F8F72195629D004A569B /* libVKSdk.a */ = {
			isa = PBXReferenceProxy;
			fileType = archive.ar;
			path = libVKSdk.a;
			remoteRef = 09E1F8F62195629D004A569B /* PBXContainerItemProxy */;
			sourceTree = BUILT_PRODUCTS_DIR;
		};
		09E1F8F92195629D004A569B /* VKSdkResources.bundle */ = {
			isa = PBXReferenceProxy;
			fileType = wrapper.cfbundle;
			path = VKSdkResources.bundle;
			remoteRef = 09E1F8F82195629D004A569B /* PBXContainerItemProxy */;
			sourceTree = BUILT_PRODUCTS_DIR;
		};
		09E1F8FB2195629D004A569B /* VKSdkFramework.framework */ = {
			isa = PBXReferenceProxy;
			fileType = wrapper.framework;
			path = VKSdkFramework.framework;
			remoteRef = 09E1F8FA2195629D004A569B /* PBXContainerItemProxy */;
			sourceTree = BUILT_PRODUCTS_DIR;
		};
		09E1F8FD2195629D004A569B /* VKSdkTests.xctest */ = {
			isa = PBXReferenceProxy;
			fileType = wrapper.cfbundle;
			path = VKSdkTests.xctest;
			remoteRef = 09E1F8FC2195629D004A569B /* PBXContainerItemProxy */;
			sourceTree = BUILT_PRODUCTS_DIR;
		};
/* End PBXReferenceProxy section */

/* Begin PBXResourcesBuildPhase section */
		09E1F8B22195598F004A569B /* Resources */ = {
			isa = PBXResourcesBuildPhase;
			buildActionMask = 2147483647;
			files = (
				09E1F8C221955992004A569B /* LaunchScreen.storyboard in Resources */,
				21C9E9262195CE340065B762 /* AuthViewController.storyboard in Resources */,
				09112C8D2198A3CB00C9C4E1 /* Localizable.strings in Resources */,
				09E1F8BF21955992004A569B /* Assets.xcassets in Resources */,
				09112C8921989FB400C9C4E1 /* Localizable.stringsdict in Resources */,
				09112C7E2198583100C9C4E1 /* TitleView.xib in Resources */,
				09112C872198996600C9C4E1 /* FooterView.xib in Resources */,
				09E1F92B21981A28004A569B /* GalleryItem.xib in Resources */,
				09E1F8BD2195598F004A569B /* FeedViewController.storyboard in Resources */,
				09E1F9172196BE2F004A569B /* FeedCell.xib in Resources */,
				09E1F92921981816004A569B /* GalleryView.xib in Resources */,
			);
			runOnlyForDeploymentPostprocessing = 0;
		};
/* End PBXResourcesBuildPhase section */

/* Begin PBXSourcesBuildPhase section */
		09E1F8B02195598F004A569B /* Sources */ = {
			isa = PBXSourcesBuildPhase;
			buildActionMask = 2147483647;
			files = (
				09E1F9102196AFF6004A569B /* FeedPresenter.swift in Sources */,
				09E1F924219776A5004A569B /* FeedCellLayoutCalculator.swift in Sources */,
				21C9E9242195CDEB0065B762 /* AuthViewController.swift in Sources */,
				09112C852198992400C9C4E1 /* FooterView.swift in Sources */,
				21C9E91E2195B6320065B762 /* AuthService.swift in Sources */,
				09E1F90E2196AFC9004A569B /* FeedInteractor.swift in Sources */,
				09E1F91F219763FD004A569B /* String+Helpers.swift in Sources */,
				21C9E92C2195D2EF0065B762 /* GradientView.swift in Sources */,
				09E1F8BA2195598F004A569B /* FeedViewController.swift in Sources */,
				09112C802198600500C9C4E1 /* InsetableTextField.swift in Sources */,
				09E1F9122196B3E5004A569B /* FeedViewModels.swift in Sources */,
				09E1F90921962D54004A569B /* API.swift in Sources */,
				09112C8221986CB500C9C4E1 /* UserResponse.swift in Sources */,
				09E1F90421962760004A569B /* NetworkService.swift in Sources */,
				09E1F91B2196F53B004A569B /* WebImageView.swift in Sources */,
				21C9E9292195CE860065B762 /* UIViewController+Storyboard.swift in Sources */,
				09E1F90C21969BE9004A569B /* FeedResponse.swift in Sources */,
				09E1F9152196B8B6004A569B /* FeedCell.swift in Sources */,
				09E1F92D21981A4B004A569B /* GalleryItem.swift in Sources */,
				09E1F927219817F3004A569B /* GalleryView.swift in Sources */,
				09112C7C219857F200C9C4E1 /* TitleView.swift in Sources */,
				09E1F8B82195598F004A569B /* AppDelegate.swift in Sources */,
				09E1F92F21982097004A569B /* UIView+Nib.swift in Sources */,
			);
			runOnlyForDeploymentPostprocessing = 0;
		};
/* End PBXSourcesBuildPhase section */

/* Begin PBXTargetDependency section */
		09E1F901219562A8004A569B /* PBXTargetDependency */ = {
			isa = PBXTargetDependency;
			name = VKSdkFramework;
			targetProxy = 09E1F900219562A8004A569B /* PBXContainerItemProxy */;
		};
/* End PBXTargetDependency section */

/* Begin PBXVariantGroup section */
		09E1F8BB2195598F004A569B /* FeedViewController.storyboard */ = {
			isa = PBXVariantGroup;
			children = (
				09E1F8BC2195598F004A569B /* Base */,
			);
			name = FeedViewController.storyboard;
			sourceTree = "<group>";
		};
		09E1F8C021955992004A569B /* LaunchScreen.storyboard */ = {
			isa = PBXVariantGroup;
			children = (
				09E1F8C121955992004A569B /* Base */,
			);
			name = LaunchScreen.storyboard;
			sourceTree = "<group>";
		};
/* End PBXVariantGroup section */

/* Begin XCBuildConfiguration section */
		09E1F8C421955992004A569B /* Debug */ = {
			isa = XCBuildConfiguration;
			buildSettings = {
				ALWAYS_SEARCH_USER_PATHS = NO;
				CLANG_ANALYZER_NONNULL = YES;
				CLANG_ANALYZER_NUMBER_OBJECT_CONVERSION = YES_AGGRESSIVE;
				CLANG_CXX_LANGUAGE_STANDARD = "gnu++14";
				CLANG_CXX_LIBRARY = "libc++";
				CLANG_ENABLE_MODULES = YES;
				CLANG_ENABLE_OBJC_ARC = YES;
				CLANG_ENABLE_OBJC_WEAK = YES;
				CLANG_WARN_BLOCK_CAPTURE_AUTORELEASING = YES;
				CLANG_WARN_BOOL_CONVERSION = YES;
				CLANG_WARN_COMMA = YES;
				CLANG_WARN_CONSTANT_CONVERSION = YES;
				CLANG_WARN_DEPRECATED_OBJC_IMPLEMENTATIONS = YES;
				CLANG_WARN_DIRECT_OBJC_ISA_USAGE = YES_ERROR;
				CLANG_WARN_DOCUMENTATION_COMMENTS = YES;
				CLANG_WARN_EMPTY_BODY = YES;
				CLANG_WARN_ENUM_CONVERSION = YES;
				CLANG_WARN_INFINITE_RECURSION = YES;
				CLANG_WARN_INT_CONVERSION = YES;
				CLANG_WARN_NON_LITERAL_NULL_CONVERSION = YES;
				CLANG_WARN_OBJC_IMPLICIT_RETAIN_SELF = YES;
				CLANG_WARN_OBJC_LITERAL_CONVERSION = YES;
				CLANG_WARN_OBJC_ROOT_CLASS = YES_ERROR;
				CLANG_WARN_RANGE_LOOP_ANALYSIS = YES;
				CLANG_WARN_STRICT_PROTOTYPES = YES;
				CLANG_WARN_SUSPICIOUS_MOVE = YES;
				CLANG_WARN_UNGUARDED_AVAILABILITY = YES_AGGRESSIVE;
				CLANG_WARN_UNREACHABLE_CODE = YES;
				CLANG_WARN__DUPLICATE_METHOD_MATCH = YES;
				CODE_SIGN_IDENTITY = "iPhone Developer";
				COPY_PHASE_STRIP = NO;
				DEBUG_INFORMATION_FORMAT = dwarf;
				ENABLE_STRICT_OBJC_MSGSEND = YES;
				ENABLE_TESTABILITY = YES;
				GCC_C_LANGUAGE_STANDARD = gnu11;
				GCC_DYNAMIC_NO_PIC = NO;
				GCC_NO_COMMON_BLOCKS = YES;
				GCC_OPTIMIZATION_LEVEL = 0;
				GCC_PREPROCESSOR_DEFINITIONS = (
					"DEBUG=1",
					"$(inherited)",
				);
				GCC_WARN_64_TO_32_BIT_CONVERSION = YES;
				GCC_WARN_ABOUT_RETURN_TYPE = YES_ERROR;
				GCC_WARN_UNDECLARED_SELECTOR = YES;
				GCC_WARN_UNINITIALIZED_AUTOS = YES_AGGRESSIVE;
				GCC_WARN_UNUSED_FUNCTION = YES;
				GCC_WARN_UNUSED_VARIABLE = YES;
				IPHONEOS_DEPLOYMENT_TARGET = 12.1;
				MTL_ENABLE_DEBUG_INFO = INCLUDE_SOURCE;
				MTL_FAST_MATH = YES;
				ONLY_ACTIVE_ARCH = YES;
				SDKROOT = iphoneos;
				SWIFT_ACTIVE_COMPILATION_CONDITIONS = DEBUG;
				SWIFT_OPTIMIZATION_LEVEL = "-Onone";
			};
			name = Debug;
		};
		09E1F8C521955992004A569B /* Release */ = {
			isa = XCBuildConfiguration;
			buildSettings = {
				ALWAYS_SEARCH_USER_PATHS = NO;
				CLANG_ANALYZER_NONNULL = YES;
				CLANG_ANALYZER_NUMBER_OBJECT_CONVERSION = YES_AGGRESSIVE;
				CLANG_CXX_LANGUAGE_STANDARD = "gnu++14";
				CLANG_CXX_LIBRARY = "libc++";
				CLANG_ENABLE_MODULES = YES;
				CLANG_ENABLE_OBJC_ARC = YES;
				CLANG_ENABLE_OBJC_WEAK = YES;
				CLANG_WARN_BLOCK_CAPTURE_AUTORELEASING = YES;
				CLANG_WARN_BOOL_CONVERSION = YES;
				CLANG_WARN_COMMA = YES;
				CLANG_WARN_CONSTANT_CONVERSION = YES;
				CLANG_WARN_DEPRECATED_OBJC_IMPLEMENTATIONS = YES;
				CLANG_WARN_DIRECT_OBJC_ISA_USAGE = YES_ERROR;
				CLANG_WARN_DOCUMENTATION_COMMENTS = YES;
				CLANG_WARN_EMPTY_BODY = YES;
				CLANG_WARN_ENUM_CONVERSION = YES;
				CLANG_WARN_INFINITE_RECURSION = YES;
				CLANG_WARN_INT_CONVERSION = YES;
				CLANG_WARN_NON_LITERAL_NULL_CONVERSION = YES;
				CLANG_WARN_OBJC_IMPLICIT_RETAIN_SELF = YES;
				CLANG_WARN_OBJC_LITERAL_CONVERSION = YES;
				CLANG_WARN_OBJC_ROOT_CLASS = YES_ERROR;
				CLANG_WARN_RANGE_LOOP_ANALYSIS = YES;
				CLANG_WARN_STRICT_PROTOTYPES = YES;
				CLANG_WARN_SUSPICIOUS_MOVE = YES;
				CLANG_WARN_UNGUARDED_AVAILABILITY = YES_AGGRESSIVE;
				CLANG_WARN_UNREACHABLE_CODE = YES;
				CLANG_WARN__DUPLICATE_METHOD_MATCH = YES;
				CODE_SIGN_IDENTITY = "iPhone Developer";
				COPY_PHASE_STRIP = NO;
				DEBUG_INFORMATION_FORMAT = "dwarf-with-dsym";
				ENABLE_NS_ASSERTIONS = NO;
				ENABLE_STRICT_OBJC_MSGSEND = YES;
				GCC_C_LANGUAGE_STANDARD = gnu11;
				GCC_NO_COMMON_BLOCKS = YES;
				GCC_WARN_64_TO_32_BIT_CONVERSION = YES;
				GCC_WARN_ABOUT_RETURN_TYPE = YES_ERROR;
				GCC_WARN_UNDECLARED_SELECTOR = YES;
				GCC_WARN_UNINITIALIZED_AUTOS = YES_AGGRESSIVE;
				GCC_WARN_UNUSED_FUNCTION = YES;
				GCC_WARN_UNUSED_VARIABLE = YES;
				IPHONEOS_DEPLOYMENT_TARGET = 12.1;
				MTL_ENABLE_DEBUG_INFO = NO;
				MTL_FAST_MATH = YES;
				SDKROOT = iphoneos;
				SWIFT_COMPILATION_MODE = wholemodule;
				SWIFT_OPTIMIZATION_LEVEL = "-O";
				VALIDATE_PRODUCT = YES;
			};
			name = Release;
		};
		09E1F8C721955992004A569B /* Debug */ = {
			isa = XCBuildConfiguration;
			buildSettings = {
				ASSETCATALOG_COMPILER_APPICON_NAME = AppIcon;
				CODE_SIGN_STYLE = Automatic;
				DEVELOPMENT_TEAM = JETU47MG4Q;
				INFOPLIST_FILE = VkChallengeFeed/Info.plist;
				IPHONEOS_DEPLOYMENT_TARGET = 9.0;
				LD_RUNPATH_SEARCH_PATHS = (
					"$(inherited)",
					"@executable_path/Frameworks",
				);
				PRODUCT_BUNDLE_IDENTIFIER = ru.sakharov.VkChallengeFeed;
				PRODUCT_NAME = "$(TARGET_NAME)";
				SWIFT_VERSION = 4.2;
				TARGETED_DEVICE_FAMILY = "1,2";
			};
			name = Debug;
		};
		09E1F8C821955992004A569B /* Release */ = {
			isa = XCBuildConfiguration;
			buildSettings = {
				ASSETCATALOG_COMPILER_APPICON_NAME = AppIcon;
				CODE_SIGN_STYLE = Automatic;
				DEVELOPMENT_TEAM = JETU47MG4Q;
				INFOPLIST_FILE = VkChallengeFeed/Info.plist;
				IPHONEOS_DEPLOYMENT_TARGET = 9.0;
				LD_RUNPATH_SEARCH_PATHS = (
					"$(inherited)",
					"@executable_path/Frameworks",
				);
				PRODUCT_BUNDLE_IDENTIFIER = ru.sakharov.VkChallengeFeed;
				PRODUCT_NAME = "$(TARGET_NAME)";
				SWIFT_VERSION = 4.2;
				TARGETED_DEVICE_FAMILY = "1,2";
			};
			name = Release;
		};
/* End XCBuildConfiguration section */

/* Begin XCConfigurationList section */
		09E1F8AF2195598F004A569B /* Build configuration list for PBXProject "VkChallengeFeed" */ = {
			isa = XCConfigurationList;
			buildConfigurations = (
				09E1F8C421955992004A569B /* Debug */,
				09E1F8C521955992004A569B /* Release */,
			);
			defaultConfigurationIsVisible = 0;
			defaultConfigurationName = Release;
		};
		09E1F8C621955992004A569B /* Build configuration list for PBXNativeTarget "VkChallengeFeed" */ = {
			isa = XCConfigurationList;
			buildConfigurations = (
				09E1F8C721955992004A569B /* Debug */,
				09E1F8C821955992004A569B /* Release */,
			);
			defaultConfigurationIsVisible = 0;
			defaultConfigurationName = Release;
		};
/* End XCConfigurationList section */
	};
	rootObject = 09E1F8AC2195598F004A569B /* Project object */;
}
